{
	"name": "@pt-finance/pt-finance",
	"version": "1.0.0",
	"lockfileVersion": 3,
	"requires": true,
	"packages": {
		"": {
			"name": "@pt-finance/pt-finance",
			"version": "1.0.0",
			"license": "ISC",
			"workspaces": [
				"packages/bot",
				"packages/common",
				"packages/server",
				"packages/client"
			]
		},
		"node_modules/@pt-finance/bot": {
			"resolved": "packages/bot",
			"link": true
		},
		"node_modules/@pt-finance/client": {
			"resolved": "packages/client",
			"link": true
		},
		"node_modules/@pt-finance/common": {
			"resolved": "packages/common",
			"link": true
		},
		"node_modules/@pt-finance/server": {
			"resolved": "packages/server",
			"link": true
		},
		"packages/bot": {
			"name": "@pt-finance/bot",
			"version": "1.0.0",
			"license": "ISC"
		},
		"packages/client": {
			"version": "1.0.0",
			"license": "ISC",
			"devDependencies": {}
		},
		"packages/common": {
			"name": "@pt-finance/common",
			"version": "1.0.0",
			"license": "ISC",
			"devDependencies": {}
		},
		"packages/server": {
			"name": "@pt-finance/server",
			"version": "1.0.0",
			"license": "ISC",
			"devDependencies": {}
		}
	}
}
